// !$*UTF8*$!
{
	archiveVersion = 1;
	classes = {
	};
	objectVersion = 50;
	objects = {

/* Begin PBXBuildFile section */
		7D18C92321E4DF360039FA87 /* AppDelegate.swift in Sources */ = {isa = PBXBuildFile; fileRef = 7D18C92221E4DF360039FA87 /* AppDelegate.swift */; };
		7D18C92521E4DF360039FA87 /* HomeViewController.swift in Sources */ = {isa = PBXBuildFile; fileRef = 7D18C92421E4DF360039FA87 /* HomeViewController.swift */; };
		7D18C92D21E4DF390039FA87 /* LaunchScreen.storyboard in Resources */ = {isa = PBXBuildFile; fileRef = 7D18C92B21E4DF390039FA87 /* LaunchScreen.storyboard */; };
		7D5C0CBA21EC21670052A6E7 /* ListHeader.swift in Sources */ = {isa = PBXBuildFile; fileRef = 7D5C0CB921EC21670052A6E7 /* ListHeader.swift */; };
		7D5C0CBC21EC3ED20052A6E7 /* CellCar.swift in Sources */ = {isa = PBXBuildFile; fileRef = 7D5C0CBB21EC3ED20052A6E7 /* CellCar.swift */; };
		7D5C0CBE21EC5D520052A6E7 /* UILabel.swift in Sources */ = {isa = PBXBuildFile; fileRef = 7D5C0CBD21EC5D520052A6E7 /* UILabel.swift */; };
		7D5C0CC021EC5FD50052A6E7 /* CarInfo.swift in Sources */ = {isa = PBXBuildFile; fileRef = 7D5C0CBF21EC5FD50052A6E7 /* CarInfo.swift */; };
		7D5C0CC221EC60FA0052A6E7 /* CommentInfo.swift in Sources */ = {isa = PBXBuildFile; fileRef = 7D5C0CC121EC60FA0052A6E7 /* CommentInfo.swift */; };
		7DD133DA21E77BD20020E344 /* Assets.xcassets in Resources */ = {isa = PBXBuildFile; fileRef = 7DD133D921E77BD20020E344 /* Assets.xcassets */; };
		7DD133DD21E784800020E344 /* CommonUI.swift in Sources */ = {isa = PBXBuildFile; fileRef = 7DD133DC21E784800020E344 /* CommonUI.swift */; };
		7DD133E421E784DF0020E344 /* UIImage.swift in Sources */ = {isa = PBXBuildFile; fileRef = 7DD133DF21E784DE0020E344 /* UIImage.swift */; };
		7DD133E521E784DF0020E344 /* CALayer.swift in Sources */ = {isa = PBXBuildFile; fileRef = 7DD133E021E784DE0020E344 /* CALayer.swift */; };
		7DD133E621E784DF0020E344 /* UIView.swift in Sources */ = {isa = PBXBuildFile; fileRef = 7DD133E121E784DE0020E344 /* UIView.swift */; };
		7DD133E721E784DF0020E344 /* UserDefaults.swift in Sources */ = {isa = PBXBuildFile; fileRef = 7DD133E221E784DF0020E344 /* UserDefaults.swift */; };
		7DD133E821E784DF0020E344 /* UIColor.swift in Sources */ = {isa = PBXBuildFile; fileRef = 7DD133E321E784DF0020E344 /* UIColor.swift */; };
		7DD133ED21E785400020E344 /* Conversion.swift in Sources */ = {isa = PBXBuildFile; fileRef = 7DD133E921E785400020E344 /* Conversion.swift */; };
		7DD133EE21E785400020E344 /* NSLog.swift in Sources */ = {isa = PBXBuildFile; fileRef = 7DD133EA21E785400020E344 /* NSLog.swift */; };
		7DD133EF21E785400020E344 /* FileUtil.swift in Sources */ = {isa = PBXBuildFile; fileRef = 7DD133EB21E785400020E344 /* FileUtil.swift */; };
		7DD133F021E785400020E344 /* CommonUtil.swift in Sources */ = {isa = PBXBuildFile; fileRef = 7DD133EC21E785400020E344 /* CommonUtil.swift */; };
		7DD133F721E7881A0020E344 /* BaseViewController.swift in Sources */ = {isa = PBXBuildFile; fileRef = 7DD133F621E7881A0020E344 /* BaseViewController.swift */; };
		7DD133F921E7895A0020E344 /* Footer.swift in Sources */ = {isa = PBXBuildFile; fileRef = 7DD133F821E7895A0020E344 /* Footer.swift */; };
		7DD133FB21E78F310020E344 /* GlobalConstant.swift in Sources */ = {isa = PBXBuildFile; fileRef = 7DD133FA21E78F310020E344 /* GlobalConstant.swift */; };
		7DD133FD21E870FA0020E344 /* MineViewController.swift in Sources */ = {isa = PBXBuildFile; fileRef = 7DD133FC21E870FA0020E344 /* MineViewController.swift */; };
		FCD0A2CBE73B338788FFF72C /* Pods_rentCar.framework in Frameworks */ = {isa = PBXBuildFile; fileRef = 4F3E86BCF9C5142007EA7C76 /* Pods_rentCar.framework */; };
/* End PBXBuildFile section */

/* Begin PBXFileReference section */
		262271B64FC2508D8920E342 /* Pods-rentCar.release.xcconfig */ = {isa = PBXFileReference; includeInIndex = 1; lastKnownFileType = text.xcconfig; name = "Pods-rentCar.release.xcconfig"; path = "Pods/Target Support Files/Pods-rentCar/Pods-rentCar.release.xcconfig"; sourceTree = "<group>"; };
		4F3E86BCF9C5142007EA7C76 /* Pods_rentCar.framework */ = {isa = PBXFileReference; explicitFileType = wrapper.framework; includeInIndex = 0; path = Pods_rentCar.framework; sourceTree = BUILT_PRODUCTS_DIR; };
		72DC198F94D1AD909F0B75AD /* Pods-rentCar.debug.xcconfig */ = {isa = PBXFileReference; includeInIndex = 1; lastKnownFileType = text.xcconfig; name = "Pods-rentCar.debug.xcconfig"; path = "Pods/Target Support Files/Pods-rentCar/Pods-rentCar.debug.xcconfig"; sourceTree = "<group>"; };
		7D18C91F21E4DF360039FA87 /* rentCar.app */ = {isa = PBXFileReference; explicitFileType = wrapper.application; includeInIndex = 0; path = rentCar.app; sourceTree = BUILT_PRODUCTS_DIR; };
		7D18C92221E4DF360039FA87 /* AppDelegate.swift */ = {isa = PBXFileReference; lastKnownFileType = sourcecode.swift; path = AppDelegate.swift; sourceTree = "<group>"; };
		7D18C92421E4DF360039FA87 /* HomeViewController.swift */ = {isa = PBXFileReference; lastKnownFileType = sourcecode.swift; path = HomeViewController.swift; sourceTree = "<group>"; };
		7D18C92C21E4DF390039FA87 /* Base */ = {isa = PBXFileReference; lastKnownFileType = file.storyboard; name = Base; path = Base.lproj/LaunchScreen.storyboard; sourceTree = "<group>"; };
		7D18C92E21E4DF390039FA87 /* Info.plist */ = {isa = PBXFileReference; lastKnownFileType = text.plist.xml; path = Info.plist; sourceTree = "<group>"; };
		7D5C0CB921EC21670052A6E7 /* ListHeader.swift */ = {isa = PBXFileReference; lastKnownFileType = sourcecode.swift; path = ListHeader.swift; sourceTree = "<group>"; };
		7D5C0CBB21EC3ED20052A6E7 /* CellCar.swift */ = {isa = PBXFileReference; lastKnownFileType = sourcecode.swift; path = CellCar.swift; sourceTree = "<group>"; };
		7D5C0CBD21EC5D520052A6E7 /* UILabel.swift */ = {isa = PBXFileReference; lastKnownFileType = sourcecode.swift; path = UILabel.swift; sourceTree = "<group>"; };
		7D5C0CBF21EC5FD50052A6E7 /* CarInfo.swift */ = {isa = PBXFileReference; lastKnownFileType = sourcecode.swift; path = CarInfo.swift; sourceTree = "<group>"; };
		7D5C0CC121EC60FA0052A6E7 /* CommentInfo.swift */ = {isa = PBXFileReference; lastKnownFileType = sourcecode.swift; path = CommentInfo.swift; sourceTree = "<group>"; };
		7DD133D921E77BD20020E344 /* Assets.xcassets */ = {isa = PBXFileReference; lastKnownFileType = folder.assetcatalog; path = Assets.xcassets; sourceTree = "<group>"; };
		7DD133DC21E784800020E344 /* CommonUI.swift */ = {isa = PBXFileReference; fileEncoding = 4; lastKnownFileType = sourcecode.swift; path = CommonUI.swift; sourceTree = "<group>"; };
		7DD133DF21E784DE0020E344 /* UIImage.swift */ = {isa = PBXFileReference; fileEncoding = 4; lastKnownFileType = sourcecode.swift; path = UIImage.swift; sourceTree = "<group>"; };
		7DD133E021E784DE0020E344 /* CALayer.swift */ = {isa = PBXFileReference; fileEncoding = 4; lastKnownFileType = sourcecode.swift; path = CALayer.swift; sourceTree = "<group>"; };
		7DD133E121E784DE0020E344 /* UIView.swift */ = {isa = PBXFileReference; fileEncoding = 4; lastKnownFileType = sourcecode.swift; path = UIView.swift; sourceTree = "<group>"; };
		7DD133E221E784DF0020E344 /* UserDefaults.swift */ = {isa = PBXFileReference; fileEncoding = 4; lastKnownFileType = sourcecode.swift; path = UserDefaults.swift; sourceTree = "<group>"; };
		7DD133E321E784DF0020E344 /* UIColor.swift */ = {isa = PBXFileReference; fileEncoding = 4; lastKnownFileType = sourcecode.swift; path = UIColor.swift; sourceTree = "<group>"; };
		7DD133E921E785400020E344 /* Conversion.swift */ = {isa = PBXFileReference; fileEncoding = 4; lastKnownFileType = sourcecode.swift; path = Conversion.swift; sourceTree = "<group>"; };
		7DD133EA21E785400020E344 /* NSLog.swift */ = {isa = PBXFileReference; fileEncoding = 4; lastKnownFileType = sourcecode.swift; path = NSLog.swift; sourceTree = "<group>"; };
		7DD133EB21E785400020E344 /* FileUtil.swift */ = {isa = PBXFileReference; fileEncoding = 4; lastKnownFileType = sourcecode.swift; path = FileUtil.swift; sourceTree = "<group>"; };
		7DD133EC21E785400020E344 /* CommonUtil.swift */ = {isa = PBXFileReference; fileEncoding = 4; lastKnownFileType = sourcecode.swift; path = CommonUtil.swift; sourceTree = "<group>"; };
		7DD133F621E7881A0020E344 /* BaseViewController.swift */ = {isa = PBXFileReference; lastKnownFileType = sourcecode.swift; path = BaseViewController.swift; sourceTree = "<group>"; };
		7DD133F821E7895A0020E344 /* Footer.swift */ = {isa = PBXFileReference; lastKnownFileType = sourcecode.swift; path = Footer.swift; sourceTree = "<group>"; };
		7DD133FA21E78F310020E344 /* GlobalConstant.swift */ = {isa = PBXFileReference; lastKnownFileType = sourcecode.swift; path = GlobalConstant.swift; sourceTree = "<group>"; };
		7DD133FC21E870FA0020E344 /* MineViewController.swift */ = {isa = PBXFileReference; lastKnownFileType = sourcecode.swift; path = MineViewController.swift; sourceTree = "<group>"; };
/* End PBXFileReference section */

/* Begin PBXFrameworksBuildPhase section */
		7D18C91C21E4DF360039FA87 /* Frameworks */ = {
			isa = PBXFrameworksBuildPhase;
			buildActionMask = 2147483647;
			files = (
				FCD0A2CBE73B338788FFF72C /* Pods_rentCar.framework in Frameworks */,
			);
			runOnlyForDeploymentPostprocessing = 0;
		};
/* End PBXFrameworksBuildPhase section */

/* Begin PBXGroup section */
		1EF03D125948682E48A045B1 /* Pods */ = {
			isa = PBXGroup;
			children = (
				72DC198F94D1AD909F0B75AD /* Pods-rentCar.debug.xcconfig */,
				262271B64FC2508D8920E342 /* Pods-rentCar.release.xcconfig */,
			);
			name = Pods;
			sourceTree = "<group>";
		};
		7D18C91621E4DF360039FA87 = {
			isa = PBXGroup;
			children = (
				7D18C92121E4DF360039FA87 /* rentCar */,
				7D18C92021E4DF360039FA87 /* Products */,
				1EF03D125948682E48A045B1 /* Pods */,
				C90CCC7754B0A9CC6AB1E2F0 /* Frameworks */,
			);
			sourceTree = "<group>";
		};
		7D18C92021E4DF360039FA87 /* Products */ = {
			isa = PBXGroup;
			children = (
				7D18C91F21E4DF360039FA87 /* rentCar.app */,
			);
			name = Products;
			sourceTree = "<group>";
		};
		7D18C92121E4DF360039FA87 /* rentCar */ = {
			isa = PBXGroup;
			children = (
				7DD133F521E786510020E344 /* Base */,
				7DD133F321E786190020E344 /* Controller */,
				7DD133F421E786350020E344 /* UI */,
				7DD133F221E786120020E344 /* Model */,
				7DD133F121E785C40020E344 /* Constant */,
				7DD133DE21E784A10020E344 /* Extensions */,
				7DD133DB21E7842C0020E344 /* Utils */,
				7DD133D921E77BD20020E344 /* Assets.xcassets */,
				7D18C92221E4DF360039FA87 /* AppDelegate.swift */,
				7D18C92B21E4DF390039FA87 /* LaunchScreen.storyboard */,
				7D18C92E21E4DF390039FA87 /* Info.plist */,
			);
			path = rentCar;
			sourceTree = "<group>";
		};
		7DD133DB21E7842C0020E344 /* Utils */ = {
			isa = PBXGroup;
			children = (
				7DD133DC21E784800020E344 /* CommonUI.swift */,
				7DD133EC21E785400020E344 /* CommonUtil.swift */,
				7DD133E921E785400020E344 /* Conversion.swift */,
				7DD133EB21E785400020E344 /* FileUtil.swift */,
				7DD133EA21E785400020E344 /* NSLog.swift */,
			);
			path = Utils;
			sourceTree = "<group>";
		};
		7DD133DE21E784A10020E344 /* Extensions */ = {
			isa = PBXGroup;
			children = (
				7DD133E021E784DE0020E344 /* CALayer.swift */,
				7DD133E321E784DF0020E344 /* UIColor.swift */,
				7DD133DF21E784DE0020E344 /* UIImage.swift */,
				7DD133E121E784DE0020E344 /* UIView.swift */,
				7DD133E221E784DF0020E344 /* UserDefaults.swift */,
				7D5C0CBD21EC5D520052A6E7 /* UILabel.swift */,
			);
			path = Extensions;
			sourceTree = "<group>";
		};
		7DD133F121E785C40020E344 /* Constant */ = {
			isa = PBXGroup;
			children = (
				7DD133FA21E78F310020E344 /* GlobalConstant.swift */,
			);
			path = Constant;
			sourceTree = "<group>";
		};
		7DD133F221E786120020E344 /* Model */ = {
			isa = PBXGroup;
			children = (
				7D5C0CBF21EC5FD50052A6E7 /* CarInfo.swift */,
				7D5C0CC121EC60FA0052A6E7 /* CommentInfo.swift */,
			);
			path = Model;
			sourceTree = "<group>";
		};
		7DD133F321E786190020E344 /* Controller */ = {
			isa = PBXGroup;
			children = (
				7D18C92421E4DF360039FA87 /* HomeViewController.swift */,
				7DD133FC21E870FA0020E344 /* MineViewController.swift */,
			);
			path = Controller;
			sourceTree = "<group>";
		};
		7DD133F421E786350020E344 /* UI */ = {
			isa = PBXGroup;
			children = (
				7DD133F821E7895A0020E344 /* Footer.swift */,
				7D5C0CB921EC21670052A6E7 /* ListHeader.swift */,
				7D5C0CBB21EC3ED20052A6E7 /* CellCar.swift */,
			);
			path = UI;
			sourceTree = "<group>";
		};
		7DD133F521E786510020E344 /* Base */ = {
			isa = PBXGroup;
			children = (
				7DD133F621E7881A0020E344 /* BaseViewController.swift */,
			);
			path = Base;
			sourceTree = "<group>";
		};
		C90CCC7754B0A9CC6AB1E2F0 /* Frameworks */ = {
			isa = PBXGroup;
			children = (
				4F3E86BCF9C5142007EA7C76 /* Pods_rentCar.framework */,
			);
			name = Frameworks;
			sourceTree = "<group>";
		};
/* End PBXGroup section */

/* Begin PBXNativeTarget section */
		7D18C91E21E4DF360039FA87 /* rentCar */ = {
			isa = PBXNativeTarget;
			buildConfigurationList = 7D18C93121E4DF390039FA87 /* Build configuration list for PBXNativeTarget "rentCar" */;
			buildPhases = (
				0B2453102CED7286CEC39235 /* [CP] Check Pods Manifest.lock */,
				7D18C91B21E4DF360039FA87 /* Sources */,
				7D18C91C21E4DF360039FA87 /* Frameworks */,
				7D18C91D21E4DF360039FA87 /* Resources */,
				FE335B39311BA461169C2210 /* [CP] Embed Pods Frameworks */,
				AE5F29EDC4DF363967EFCC7E /* [CP] Copy Pods Resources */,
			);
			buildRules = (
			);
			dependencies = (
			);
			name = rentCar;
			productName = rentCar;
			productReference = 7D18C91F21E4DF360039FA87 /* rentCar.app */;
			productType = "com.apple.product-type.application";
		};
/* End PBXNativeTarget section */

/* Begin PBXProject section */
		7D18C91721E4DF360039FA87 /* Project object */ = {
			isa = PBXProject;
			attributes = {
				LastSwiftUpdateCheck = 1010;
				LastUpgradeCheck = 1010;
				ORGANIZATIONNAME = Static1014;
				TargetAttributes = {
					7D18C91E21E4DF360039FA87 = {
						CreatedOnToolsVersion = 10.1;
					};
				};
			};
			buildConfigurationList = 7D18C91A21E4DF360039FA87 /* Build configuration list for PBXProject "rentCar" */;
			compatibilityVersion = "Xcode 9.3";
			developmentRegion = en;
			hasScannedForEncodings = 0;
			knownRegions = (
				en,
				Base,
			);
			mainGroup = 7D18C91621E4DF360039FA87;
			productRefGroup = 7D18C92021E4DF360039FA87 /* Products */;
			projectDirPath = "";
			projectRoot = "";
			targets = (
				7D18C91E21E4DF360039FA87 /* rentCar */,
			);
		};
/* End PBXProject section */

/* Begin PBXResourcesBuildPhase section */
		7D18C91D21E4DF360039FA87 /* Resources */ = {
			isa = PBXResourcesBuildPhase;
			buildActionMask = 2147483647;
			files = (
				7DD133DA21E77BD20020E344 /* Assets.xcassets in Resources */,
				7D18C92D21E4DF390039FA87 /* LaunchScreen.storyboard in Resources */,
			);
			runOnlyForDeploymentPostprocessing = 0;
		};
/* End PBXResourcesBuildPhase section */

/* Begin PBXShellScriptBuildPhase section */
		0B2453102CED7286CEC39235 /* [CP] Check Pods Manifest.lock */ = {
			isa = PBXShellScriptBuildPhase;
			buildActionMask = 2147483647;
			files = (
			);
			inputPaths = (
				"${PODS_PODFILE_DIR_PATH}/Podfile.lock",
				"${PODS_ROOT}/Manifest.lock",
			);
			name = "[CP] Check Pods Manifest.lock";
			outputPaths = (
				"$(DERIVED_FILE_DIR)/Pods-rentCar-checkManifestLockResult.txt",
			);
			runOnlyForDeploymentPostprocessing = 0;
			shellPath = /bin/sh;
			shellScript = "diff \"${PODS_PODFILE_DIR_PATH}/Podfile.lock\" \"${PODS_ROOT}/Manifest.lock\" > /dev/null\nif [ $? != 0 ] ; then\n    # print error to STDERR\n    echo \"error: The sandbox is not in sync with the Podfile.lock. Run 'pod install' or update your CocoaPods installation.\" >&2\n    exit 1\nfi\n# This output is used by Xcode 'outputs' to avoid re-running this script phase.\necho \"SUCCESS\" > \"${SCRIPT_OUTPUT_FILE_0}\"\n";
			showEnvVarsInLog = 0;
		};
		AE5F29EDC4DF363967EFCC7E /* [CP] Copy Pods Resources */ = {
			isa = PBXShellScriptBuildPhase;
			buildActionMask = 2147483647;
			files = (
			);
			inputPaths = (
			);
			name = "[CP] Copy Pods Resources";
			outputPaths = (
			);
			runOnlyForDeploymentPostprocessing = 0;
			shellPath = /bin/sh;
			shellScript = "\"${SRCROOT}/Pods/Target Support Files/Pods-rentCar/Pods-rentCar-resources.sh\"\n";
			showEnvVarsInLog = 0;
		};
		FE335B39311BA461169C2210 /* [CP] Embed Pods Frameworks */ = {
			isa = PBXShellScriptBuildPhase;
			buildActionMask = 2147483647;
			files = (
			);
			inputPaths = (
				"${SRCROOT}/Pods/Target Support Files/Pods-rentCar/Pods-rentCar-frameworks.sh",
				"${BUILT_PRODUCTS_DIR}/FSPagerView/FSPagerView.framework",
				"${BUILT_PRODUCTS_DIR}/Kingfisher/Kingfisher.framework",
				"${BUILT_PRODUCTS_DIR}/SnapKit/SnapKit.framework",
				"${BUILT_PRODUCTS_DIR}/Toaster/Toaster.framework",
			);
			name = "[CP] Embed Pods Frameworks";
			outputPaths = (
				"${TARGET_BUILD_DIR}/${FRAMEWORKS_FOLDER_PATH}/FSPagerView.framework",
				"${TARGET_BUILD_DIR}/${FRAMEWORKS_FOLDER_PATH}/Kingfisher.framework",
				"${TARGET_BUILD_DIR}/${FRAMEWORKS_FOLDER_PATH}/SnapKit.framework",
				"${TARGET_BUILD_DIR}/${FRAMEWORKS_FOLDER_PATH}/Toaster.framework",
			);
			runOnlyForDeploymentPostprocessing = 0;
			shellPath = /bin/sh;
			shellScript = "\"${SRCROOT}/Pods/Target Support Files/Pods-rentCar/Pods-rentCar-frameworks.sh\"\n";
			showEnvVarsInLog = 0;
		};
/* End PBXShellScriptBuildPhase section */

/* Begin PBXSourcesBuildPhase section */
		7D18C91B21E4DF360039FA87 /* Sources */ = {
			isa = PBXSourcesBuildPhase;
			buildActionMask = 2147483647;
			files = (
				7DD133F721E7881A0020E344 /* BaseViewController.swift in Sources */,
				7D18C92521E4DF360039FA87 /* HomeViewController.swift in Sources */,
				7D5C0CBA21EC21670052A6E7 /* ListHeader.swift in Sources */,
				7DD133E421E784DF0020E344 /* UIImage.swift in Sources */,
				7DD133F021E785400020E344 /* CommonUtil.swift in Sources */,
				7DD133F921E7895A0020E344 /* Footer.swift in Sources */,
				7D18C92321E4DF360039FA87 /* AppDelegate.swift in Sources */,
				7D5C0CBE21EC5D520052A6E7 /* UILabel.swift in Sources */,
				7DD133FB21E78F310020E344 /* GlobalConstant.swift in Sources */,
				7D5C0CBC21EC3ED20052A6E7 /* CellCar.swift in Sources */,
				7DD133EF21E785400020E344 /* FileUtil.swift in Sources */,
				7DD133ED21E785400020E344 /* Conversion.swift in Sources */,
				7DD133DD21E784800020E344 /* CommonUI.swift in Sources */,
				7DD133E621E784DF0020E344 /* UIView.swift in Sources */,
				7D5C0CC221EC60FA0052A6E7 /* CommentInfo.swift in Sources */,
				7DD133FD21E870FA0020E344 /* MineViewController.swift in Sources */,
				7DD133E821E784DF0020E344 /* UIColor.swift in Sources */,
				7DD133EE21E785400020E344 /* NSLog.swift in Sources */,
				7DD133E721E784DF0020E344 /* UserDefaults.swift in Sources */,
				7D5C0CC021EC5FD50052A6E7 /* CarInfo.swift in Sources */,
				7DD133E521E784DF0020E344 /* CALayer.swift in Sources */,
			);
			runOnlyForDeploymentPostprocessing = 0;
		};
/* End PBXSourcesBuildPhase section */

/* Begin PBXVariantGroup section */
		7D18C92B21E4DF390039FA87 /* LaunchScreen.storyboard */ = {
			isa = PBXVariantGroup;
			children = (
				7D18C92C21E4DF390039FA87 /* Base */,
			);
			name = LaunchScreen.storyboard;
			sourceTree = "<group>";
		};
/* End PBXVariantGroup section */

/* Begin XCBuildConfiguration section */
		7D18C92F21E4DF390039FA87 /* Debug */ = {
			isa = XCBuildConfiguration;
			buildSettings = {
				ALWAYS_SEARCH_USER_PATHS = NO;
				CLANG_ANALYZER_NONNULL = YES;
				CLANG_ANALYZER_NUMBER_OBJECT_CONVERSION = YES_AGGRESSIVE;
				CLANG_CXX_LANGUAGE_STANDARD = "gnu++14";
				CLANG_CXX_LIBRARY = "libc++";
				CLANG_ENABLE_MODULES = YES;
				CLANG_ENABLE_OBJC_ARC = YES;
				CLANG_ENABLE_OBJC_WEAK = YES;
				CLANG_WARN_BLOCK_CAPTURE_AUTORELEASING = YES;
				CLANG_WARN_BOOL_CONVERSION = YES;
				CLANG_WARN_COMMA = YES;
				CLANG_WARN_CONSTANT_CONVERSION = YES;
				CLANG_WARN_DEPRECATED_OBJC_IMPLEMENTATIONS = YES;
				CLANG_WARN_DIRECT_OBJC_ISA_USAGE = YES_ERROR;
				CLANG_WARN_DOCUMENTATION_COMMENTS = YES;
				CLANG_WARN_EMPTY_BODY = YES;
				CLANG_WARN_ENUM_CONVERSION = YES;
				CLANG_WARN_INFINITE_RECURSION = YES;
				CLANG_WARN_INT_CONVERSION = YES;
				CLANG_WARN_NON_LITERAL_NULL_CONVERSION = YES;
				CLANG_WARN_OBJC_IMPLICIT_RETAIN_SELF = YES;
				CLANG_WARN_OBJC_LITERAL_CONVERSION = YES;
				CLANG_WARN_OBJC_ROOT_CLASS = YES_ERROR;
				CLANG_WARN_RANGE_LOOP_ANALYSIS = YES;
				CLANG_WARN_STRICT_PROTOTYPES = YES;
				CLANG_WARN_SUSPICIOUS_MOVE = YES;
				CLANG_WARN_UNGUARDED_AVAILABILITY = YES_AGGRESSIVE;
				CLANG_WARN_UNREACHABLE_CODE = YES;
				CLANG_WARN__DUPLICATE_METHOD_MATCH = YES;
				CODE_SIGN_IDENTITY = "iPhone Developer";
				COPY_PHASE_STRIP = NO;
				DEBUG_INFORMATION_FORMAT = dwarf;
				ENABLE_STRICT_OBJC_MSGSEND = YES;
				ENABLE_TESTABILITY = YES;
				GCC_C_LANGUAGE_STANDARD = gnu11;
				GCC_DYNAMIC_NO_PIC = NO;
				GCC_NO_COMMON_BLOCKS = YES;
				GCC_OPTIMIZATION_LEVEL = 0;
				GCC_PREPROCESSOR_DEFINITIONS = (
					"DEBUG=1",
					"$(inherited)",
				);
				GCC_WARN_64_TO_32_BIT_CONVERSION = YES;
				GCC_WARN_ABOUT_RETURN_TYPE = YES_ERROR;
				GCC_WARN_UNDECLARED_SELECTOR = YES;
				GCC_WARN_UNINITIALIZED_AUTOS = YES_AGGRESSIVE;
				GCC_WARN_UNUSED_FUNCTION = YES;
				GCC_WARN_UNUSED_VARIABLE = YES;
				IPHONEOS_DEPLOYMENT_TARGET = 12.1;
				MTL_ENABLE_DEBUG_INFO = INCLUDE_SOURCE;
				MTL_FAST_MATH = YES;
				ONLY_ACTIVE_ARCH = YES;
				SDKROOT = iphoneos;
				SWIFT_ACTIVE_COMPILATION_CONDITIONS = DEBUG;
				SWIFT_OPTIMIZATION_LEVEL = "-Onone";
			};
			name = Debug;
		};
		7D18C93021E4DF390039FA87 /* Release */ = {
			isa = XCBuildConfiguration;
			buildSettings = {
				ALWAYS_SEARCH_USER_PATHS = NO;
				CLANG_ANALYZER_NONNULL = YES;
				CLANG_ANALYZER_NUMBER_OBJECT_CONVERSION = YES_AGGRESSIVE;
				CLANG_CXX_LANGUAGE_STANDARD = "gnu++14";
				CLANG_CXX_LIBRARY = "libc++";
				CLANG_ENABLE_MODULES = YES;
				CLANG_ENABLE_OBJC_ARC = YES;
				CLANG_ENABLE_OBJC_WEAK = YES;
				CLANG_WARN_BLOCK_CAPTURE_AUTORELEASING = YES;
				CLANG_WARN_BOOL_CONVERSION = YES;
				CLANG_WARN_COMMA = YES;
				CLANG_WARN_CONSTANT_CONVERSION = YES;
				CLANG_WARN_DEPRECATED_OBJC_IMPLEMENTATIONS = YES;
				CLANG_WARN_DIRECT_OBJC_ISA_USAGE = YES_ERROR;
				CLANG_WARN_DOCUMENTATION_COMMENTS = YES;
				CLANG_WARN_EMPTY_BODY = YES;
				CLANG_WARN_ENUM_CONVERSION = YES;
				CLANG_WARN_INFINITE_RECURSION = YES;
				CLANG_WARN_INT_CONVERSION = YES;
				CLANG_WARN_NON_LITERAL_NULL_CONVERSION = YES;
				CLANG_WARN_OBJC_IMPLICIT_RETAIN_SELF = YES;
				CLANG_WARN_OBJC_LITERAL_CONVERSION = YES;
				CLANG_WARN_OBJC_ROOT_CLASS = YES_ERROR;
				CLANG_WARN_RANGE_LOOP_ANALYSIS = YES;
				CLANG_WARN_STRICT_PROTOTYPES = YES;
				CLANG_WARN_SUSPICIOUS_MOVE = YES;
				CLANG_WARN_UNGUARDED_AVAILABILITY = YES_AGGRESSIVE;
				CLANG_WARN_UNREACHABLE_CODE = YES;
				CLANG_WARN__DUPLICATE_METHOD_MATCH = YES;
				CODE_SIGN_IDENTITY = "iPhone Developer";
				COPY_PHASE_STRIP = NO;
				DEBUG_INFORMATION_FORMAT = "dwarf-with-dsym";
				ENABLE_NS_ASSERTIONS = NO;
				ENABLE_STRICT_OBJC_MSGSEND = YES;
				GCC_C_LANGUAGE_STANDARD = gnu11;
				GCC_NO_COMMON_BLOCKS = YES;
				GCC_WARN_64_TO_32_BIT_CONVERSION = YES;
				GCC_WARN_ABOUT_RETURN_TYPE = YES_ERROR;
				GCC_WARN_UNDECLARED_SELECTOR = YES;
				GCC_WARN_UNINITIALIZED_AUTOS = YES_AGGRESSIVE;
				GCC_WARN_UNUSED_FUNCTION = YES;
				GCC_WARN_UNUSED_VARIABLE = YES;
				IPHONEOS_DEPLOYMENT_TARGET = 12.1;
				MTL_ENABLE_DEBUG_INFO = NO;
				MTL_FAST_MATH = YES;
				SDKROOT = iphoneos;
				SWIFT_COMPILATION_MODE = wholemodule;
				SWIFT_OPTIMIZATION_LEVEL = "-O";
				VALIDATE_PRODUCT = YES;
			};
			name = Release;
		};
		7D18C93221E4DF390039FA87 /* Debug */ = {
			isa = XCBuildConfiguration;
			baseConfigurationReference = 72DC198F94D1AD909F0B75AD /* Pods-rentCar.debug.xcconfig */;
			buildSettings = {
				ASSETCATALOG_COMPILER_APPICON_NAME = AppIcon;
				CODE_SIGN_STYLE = Automatic;
				DEVELOPMENT_TEAM = C8XFJ8K7DT;
				INFOPLIST_FILE = rentCar/Info.plist;
				LD_RUNPATH_SEARCH_PATHS = (
					"$(inherited)",
					"@executable_path/Frameworks",
				);
				PRODUCT_BUNDLE_IDENTIFIER = com.Static1014.rentCar;
				PRODUCT_NAME = "$(TARGET_NAME)";
				SWIFT_VERSION = 4.2;
				TARGETED_DEVICE_FAMILY = "1,2";
			};
			name = Debug;
		};
		7D18C93321E4DF390039FA87 /* Release */ = {
			isa = XCBuildConfiguration;
			baseConfigurationReference = 262271B64FC2508D8920E342 /* Pods-rentCar.release.xcconfig */;
			buildSettings = {
				ASSETCATALOG_COMPILER_APPICON_NAME = AppIcon;
				CODE_SIGN_STYLE = Automatic;
				DEVELOPMENT_TEAM = C8XFJ8K7DT;
				INFOPLIST_FILE = rentCar/Info.plist;
				LD_RUNPATH_SEARCH_PATHS = (
					"$(inherited)",
					"@executable_path/Frameworks",
				);
				PRODUCT_BUNDLE_IDENTIFIER = com.Static1014.rentCar;
				PRODUCT_NAME = "$(TARGET_NAME)";
				SWIFT_VERSION = 4.2;
				TARGETED_DEVICE_FAMILY = "1,2";
			};
			name = Release;
		};
/* End XCBuildConfiguration section */

/* Begin XCConfigurationList section */
		7D18C91A21E4DF360039FA87 /* Build configuration list for PBXProject "rentCar" */ = {
			isa = XCConfigurationList;
			buildConfigurations = (
				7D18C92F21E4DF390039FA87 /* Debug */,
				7D18C93021E4DF390039FA87 /* Release */,
			);
			defaultConfigurationIsVisible = 0;
			defaultConfigurationName = Release;
		};
		7D18C93121E4DF390039FA87 /* Build configuration list for PBXNativeTarget "rentCar" */ = {
			isa = XCConfigurationList;
			buildConfigurations = (
				7D18C93221E4DF390039FA87 /* Debug */,
				7D18C93321E4DF390039FA87 /* Release */,
			);
			defaultConfigurationIsVisible = 0;
			defaultConfigurationName = Release;
		};
/* End XCConfigurationList section */
	};
	rootObject = 7D18C91721E4DF360039FA87 /* Project object */;
}
